//miniatm
// kullanıcının ne yapılacağı sorulacak
// 1-bakiye görüntüleme
// 2-para çekme
// 3- para yatırma
// q basılırsa çıkış yapılacak

using System.ComponentModel.Design;

int bakiye = 1000;
Console.WriteLine("ATM'ye Hoşgeldiniz");
Console.WriteLine("Yapmak istediğiniz işlemi seçiniz:");
string secim = Console.ReadLine();

if (secim == "1")
{
    Console.WriteLine("Şuanki bakiyeniz:" + bakiye);
    Console.ReadLine();
}

else if (secim == "2")
{
    Console.WriteLine("Çekmek istediğiniz tutarı giriniz");
    int cekilecek_tutar = Convert.ToInt32(Console.ReadLine());

    if (cekilecek_tutar <= bakiye)
    {
        Console.WriteLine("kalan tutar:" + (bakiye - cekilecek_tutar));
        Console.ReadLine();
    }
    else
    {
        Console.WriteLine("Bakiyenizden fazla para çekemezsiniz");
    }
}

    else if (secim == "3")
    {
            Console.WriteLine("Yatrımak istediğiniz tutarı giriniz:");
            int yatirilacak_tutar = Convert.ToInt32(Console.ReadLine());

            Console.WriteLine("Yeni bakiyeniz:" + (bakiye + yatirilacak_tutar));
            Console.ReadLine(); 
    }
    else if (secim == "q")
    {
            Console.WriteLine("ATM'den cıkıs yapılıyor...");
            Console.ReadLine();
            Console.WriteLine("Cıkıs yapıldı. Iyi günler");
            Console.ReadLine(); 
    } 
else
{
    Console.WriteLine("lütfen geçerli bir değer giriniz");
    Console.ReadLine();
}
// char tek bir karakteri tutmak için kullanılır
// tek tırnak içerisinde tek tırnak
char karakter = 'a';
Console.WriteLine(karakter);
Console.ReadLine();

// string metinleri tutmak için kullanılır
string isim = "seda";
Console.WriteLine(isim);
Console.ReadLine();

// bool iki ihtimal olduğunda kullanılır
bool kontrol = true;
bool kontrol2 = false;
bool sonuc = 10 > 5; // doğru olduğu için true değerine atayacak
Console.WriteLine(sonuc);
Console.ReadLine();
bool sonuc2 = 4 > 8;
Console.WriteLine(sonuc2); // yanlış olduğu için false değerine atanacak
Console.ReadLine();

// object bütün değerleri tutar
object a = "seda";
object b = 2;
Console.WriteLine(a);
Console.WriteLine(b);
Console.ReadLine();

// if (şart) {..}, else {..}
// öğrencinin notu 50den büyük ise başarılı, değilse başarısız yazdır.

using System.ComponentModel.Design;

Console.WriteLine("notunuzu giriniz:");
int puan= Convert.ToInt32(Console.ReadLine());
if (puan > 50)
{
    Console.WriteLine("başarılı");
    Console.ReadLine();
}
else
{
    Console.WriteLine("başarısız");
    Console.ReadLine();
}

// else if
// kullanıcıdan 3 not alan ve bu notların ortalamasını bulan ve eğer ortalama
// 80-100 arası ise A+
// 60-80 ise A
// 40-60 ise B+
// 40dan düşük ise F yazdır

Console.WriteLine("1.notunuzu giriniz:");
int birinci_not  = Convert.ToInt32(Console.ReadLine());
Console.WriteLine("2.notunuzu giriniz");
int ikinci_not = Convert.ToInt32(Console.ReadLine());
Console.WriteLine("3.notunuzu giriniz:");
int ucuncu_not = Convert.ToInt32(Console.ReadLine());

int sonuc = (birinci_not + ikinci_not + ucuncu_not) / 3;
if (sonuc > 80 && sonuc < 100)
{
    Console.WriteLine("Not değeriniz: A+");
}
else if (sonuc > 60 && sonuc < 80)
{
    Console.WriteLine("Not değeriniz: A");
}
else if (sonuc > 40 && sonuc < 60)
{
    Console.WriteLine("Not değeriniz: B");
}
else
{
    Console.WriteLine("Not değeriniz: F");
}
// Beden kitle endeksi= kilo/boy*boy
// endeks 18'e eşit veya küçükse zayıf
// endeks 18-25 arası ise normal
// endeks 25 ve sonrası ise obez

Console.WriteLine("kilonuzu giriniz:");
int kilo = Convert.ToInt32(Console.ReadLine());

Console.WriteLine("boyunuzu giriniz:");
double boy = Convert.ToDouble(Console.ReadLine());
double bke = kilo / (boy * boy);

if (bke <= 18)
{
    Console.WriteLine("zayıfsınız");
    Console.ReadLine();
}
else if (bke >18 &&  bke <25)
{
    Console.WriteLine("Normalsiniz");
    Console.ReadLine();
}
else if (bke > 25)
{
    Console.WriteLine("obezsiniz");
    Console.ReadLine();
}
    
    
using System;
using System.Collections.Generic;
using System.Linq;
using System.Text;
using System.Threading.Tasks;

namespace mini_atm
{
    internal class Program
    {
        static void Main(string[] args)
        {
        }
    }
}
// kullanıcının ne yapılacağı sorulacak
// 1-bakiye görüntüleme
// 2-para çekme
// 3- para yatırma
// q basılırsa çıkış yapılacak

int bakiye = 1000;
Console.WriteLine("ATM'ye Hoşgeldiniz");
Console.WriteLine("Yapmak istediğiniz işlemi seçiniz:");
string secim = Console.ReadLine();

if (secim == "1")
{
    Console.WriteLine("Şuanki bakiyeniz:" + bakiye);
}
else if (secim == "2");
{
    Console.WriteLine("Çekmek istediğiniz tutarı giriniz");
    int cekilecek_tutar = Convert.ToInt32(Console.ReadLine());
    Console.WriteLine("kalan tutar:" + (bakiye - cekilecek_tutar));

    if (cekilecek_tutar <= bakiye)
    {
        Console.WriteLine("Bakiyenizden fazla para çekemezsiniz.");
        Console.ReadLine();
    }
    else if (secim == "3")
    {
        Console.WriteLine("Yatrımak istediğiniz tutarı giriniz:");
        int yatirilacak_tutar = Convert.ToInt32
        (Console.ReadLine());
        Console.WriteLine("Yeni bakiyeniz:" + (bakiye + yatirilacak_tutar));
    }
    else if (secim == "q")
    {
        Console.WriteLine("ATM'den çıkış yapılıyor...");
        Console.WriteLine("Çıkış yapıldı. İyi günler");
        Console.ReadLine();
    } }
  
    
    // toplama operatörü= +
// çıkarma operatörü= -
int sayi1 = 7;
int sayi2 = 12;
int sayi3 = 5;

int sayi4 = 11;

int sonuc3 = (sayi1 + sayi2 + sayi3) - sayi4;
Console.WriteLine(sonuc3);
Console.ReadLine();

// çarpma operatörü= *
// bölme operatörü= /
int sayi5 = 70;
int sayi6 = 2;

int sayi7 = 10;

int sonuc4 = (sayi5 * sayi6) / sayi7;
Console.WriteLine(sonuc4);
Console.ReadLine();

// mod alma operatörü= %
// bir sayıyı bir sayıya böldüğümüz zamanki kalanı verir
int sayi8 = 10;
int sayi9 = 3;
Console.WriteLine(sayi8 % sayi9);
Console.ReadLine();

// arttırma operatörü var olan değeri bir arttırır= ++
// azaltma operatörü var olan değeri bir azaltır= --
int sayi10 = 20;
sayi10++;
Console.WriteLine(sayi10);
Console.ReadLine();
sayi10--;
Console.WriteLine(sayi10);
Console.ReadLine();

// atama operatörü: = hep kullandığımız = işte amk

// eşittir opertaörü: ==
int sayi11 = 2 + 2;
int sayi12 = 3 + 1;
bool kontrolEt = sayi11 == sayi12;
Console.WriteLine(kontrolEt);
Console.ReadLine();

// eşit değildir operatörü: !=

bool KontrolEt  = sayi11 != sayi12;
Console.WriteLine(KontrolEt);
Console.ReadLine();

bool Koontrolet = sayi11 != sayi9;
Console.WriteLine(Koontrolet);
Console.ReadLine();

// büyüktür operatörü: >
// büyük eşittir operatörü >=
int yas = 18;
bool KOntrolet = yas > 18;
Console.WriteLine(KOntrolet);
Console.ReadLine();

// onun yerine büyük eşitle yaptığımızda true gelir
bool KONTROLet = yas >= 18;
Console.WriteLine(KONTROLet);
Console.ReadLine();

// küçüktür operatörü: <
// küçük eşittir operatörü <=
bool KONTROLET = yas < 18;
Console.WriteLine(KONTROLET);
Console.ReadLine();

// onun yerine küçük eşittir kullandığımızda true gelir
bool KoNtrolet = yas <= 18;
Console.WriteLine(KoNtrolet);
Console.ReadLine();

// && ve operatörü shift+6

int rakam = 5;
int rakam2 = 5;
int rakam3 = 10;

bool kontrol = rakam == rakam2 && rakam < rakam3;
Console.WriteLine(kontrol);
Console.ReadLine();

// veya operatörü || altgr + küçüktür işareti
int rakam4 = 3;
int rakam5 = 3;
int rakam6 = 6;

bool KontrOl = rakam4 == rakam5 || rakam5 > rakam6;
Console.WriteLine(KontrOl);
Console.ReadLine();

//  değil operatörü: !
// kısaca var olan şeyi tersine çevirir
bool a = true;
Console.WriteLine(!a);
Console.ReadLine();

// Ek operatörler +=, -=, /=; *=
int b = 5;
b = b + 4;
Console.WriteLine("b'nin degeri:"+ b);
Console.ReadLine ();


// byte kullanımı:
using System;

byte ikinci = 25;
byte ucuncu = 255; //byte için 0-255 arası
Console.WriteLine(5);
Console.WriteLine(ikinci);
Console.WriteLine(ucuncu);
Console.ReadLine();


byte maxDeger = byte.MaxValue; // byte max değeri gösterir
byte minDeger = byte.MinValue;  // byte min değeri gösterir
Console.WriteLine(minDeger);
Console.WriteLine(maxDeger); //max değeri yazdırır
Console.ReadLine();

// short kullanımı:
// short için -32768 ve 32767 arası
short birincidegisken = -56;
short ikincidegisken = 32000;
Console.WriteLine(birincidegisken);
Console.WriteLine(ikincidegisken);
Console.ReadLine();
short maxDegers = short.MaxValue; // short max değeri gösterir
short minDegers = short.MinValue; // short min değeri gösterir
Console.WriteLine(maxDegers);
Console.WriteLine(minDegers); // min değeri yazdırır
Console.ReadLine();

// int kullanımı:
// int veri tipi -2.147.483.648 ve 2.147.483.647 arası
// 4 byte yer kaplar (ram bellek)
// 8 bit = 1 byte, 1024 byte= 1 kilobyte, 1024 kilobyte= 1 megabyte, 1024 megabayt= 1 gigabyte,
// 1024 gigabyte= 1 terabyte, 1024 terabyte= 1 petabyte
int birincideger = 150000;
Console.WriteLine(birincideger);
Console.ReadLine();
int imaxDeger = int.MaxValue;
int iminDeger = int.MinValue;
Console.WriteLine(imaxDeger);
Console.WriteLine(iminDeger);
Console.ReadLine();

// long kullanımı
// long veri tipi -9.223.372.036.854.775.808 ve 9.223.372.036.854.775.807 arasında
// 8 byte yer kaplar (ram bellek)
long sekizincideger = 27298653984;
Console.WriteLine(sekizincideger);
Console.ReadLine();
long lmaxdeger = long.MaxValue;
long lmindeger = long.MinValue;
Console.WriteLine(lmaxdeger);
Console.WriteLine(lmindeger);
Console.ReadLine();

// float= ondalıklı sayılar için (7-8 basamaklı ondalık sayısına kadar)
// 4 byte (ram)
float ondaliklisayi = 35.56f;
// sayının sonuna f konulmazsa double algılıyor.

Console.WriteLine(ondaliklisayi);
Console.ReadLine();
float fmaxdeger = float.MaxValue;
float fmindeger = float.MinValue;
Console.WriteLine(fmaxdeger);
Console.WriteLine(fmindeger);
Console.ReadLine();

// float= ondalıklı sayılar için (7 basamaklı ondalık sayısına kadar)
// 4 byte (ram)
float fondaliklisayi = 35.56f;
// sayının sonuna f konulmazsa double algılıyor.

Console.WriteLine(fondaliklisayi);
Console.ReadLine();

// double= ondalıklı sayılar (15 basamak)
// 8 byte ram
double dondaliksayi = 350.7;
Console.WriteLine(dondaliksayi);

// if (şart) {..}, else {..}
// öğrencinin notu 50den büyük ise başarılı, değilse başarısız yazdır.

using System.ComponentModel.Design;

Console.WriteLine("notunuzu giriniz:");
int puan= Convert.ToInt32(Console.ReadLine());
if (puan > 50)
{
    Console.WriteLine("başarılı");
    Console.ReadLine();
}
else
{
    Console.WriteLine("başarısız");
    Console.ReadLine();
}

// else if
// kullanıcıdan 3 not alan ve bu notların ortalamasını bulan ve eğer ortalama
// 80-100 arası ise A+
// 60-80 ise A
// 40-60 ise B+
// 40dan düşük ise F yazdır

Console.WriteLine("1.notunuzu giriniz:");
int birinci_not  = Convert.ToInt32(Console.ReadLine());
Console.WriteLine("2.notunuzu giriniz");
int ikinci_not = Convert.ToInt32(Console.ReadLine());
Console.WriteLine("3.notunuzu giriniz:");
int ucuncu_not = Convert.ToInt32(Console.ReadLine());

int sonuc = (birinci_not + ikinci_not + ucuncu_not) / 3;
if (sonuc > 80 && sonuc < 100)
{
    Console.WriteLine("Not değeriniz: A+");
}
else if (sonuc > 60 && sonuc < 80)
{
    Console.WriteLine("Not değeriniz: A");
}
else if (sonuc > 40 && sonuc < 60)
{
    Console.WriteLine("Not değeriniz: B");
}
else
{
    Console.WriteLine("Not değeriniz: F");
}
// Beden kitle endeksi= kilo/boy*boy
// endeks 18'e eşit veya küçükse zayıf
// endeks 18-25 arası ise normal
// endeks 25 ve sonrası ise obez

Console.WriteLine("kilonuzu giriniz:");
int kilo = Convert.ToInt32(Console.ReadLine());

Console.WriteLine("boyunuzu giriniz:");
double boy = Convert.ToDouble(Console.ReadLine());
double bke = kilo / (boy * boy);

if (bke <= 18)
{
    Console.WriteLine("zayıfsınız");
    Console.ReadLine();
}
else if (bke >18 &&  bke <25)
{
    Console.WriteLine("Normalsiniz");
    Console.ReadLine();
}
else if (bke > 25)
{
    Console.WriteLine("obezsiniz");
    Console.ReadLine();
}
    
    
// toplama operatörü= +
// çıkarma operatörü= -
int sayi1 = 7;
int sayi2 = 12;
int sayi3 = 5;

int sayi4 = 11;

int sonuc3 = (sayi1 + sayi2 + sayi3) - sayi4;
Console.WriteLine(sonuc3);
Console.ReadLine();

// çarpma operatörü= *
// bölme operatörü= /
int sayi5 = 70;
int sayi6 = 2;

int sayi7 = 10;

int sonuc4 = (sayi5 * sayi6) / sayi7;
Console.WriteLine(sonuc4);
Console.ReadLine();

// mod alma operatörü= %
// bir sayıyı bir sayıya böldüğümüz zamanki kalanı verir
int sayi8 = 10;
int sayi9 = 3;
Console.WriteLine(sayi8 % sayi9);
Console.ReadLine();

// arttırma operatörü var olan değeri bir arttırır= ++
// azaltma operatörü var olan değeri bir azaltır= --
int sayi10 = 20;
sayi10++;
Console.WriteLine(sayi10);
Console.ReadLine();
sayi10--;
Console.WriteLine(sayi10);
Console.ReadLine();

// atama operatörü: = hep kullandığımız = işte amk

// eşittir opertaörü: ==
int sayi11 = 2 + 2;
int sayi12 = 3 + 1;
bool kontrolEt = sayi11 == sayi12;
Console.WriteLine(kontrolEt);
Console.ReadLine();

// eşit değildir operatörü: !=

bool KontrolEt  = sayi11 != sayi12;
Console.WriteLine(KontrolEt);
Console.ReadLine();

bool Koontrolet = sayi11 != sayi9;
Console.WriteLine(Koontrolet);
Console.ReadLine();

// büyüktür operatörü: >
// büyük eşittir operatörü >=
int yas = 18;
bool KOntrolet = yas > 18;
Console.WriteLine(KOntrolet);
Console.ReadLine();

// onun yerine büyük eşitle yaptığımızda true gelir
bool KONTROLet = yas >= 18;
Console.WriteLine(KONTROLet);
Console.ReadLine();

// küçüktür operatörü: <
// küçük eşittir operatörü <=
bool KONTROLET = yas < 18;
Console.WriteLine(KONTROLET);
Console.ReadLine();

// onun yerine küçük eşittir kullandığımızda true gelir
bool KoNtrolet = yas <= 18;
Console.WriteLine(KoNtrolet);
Console.ReadLine();

// && ve operatörü shift+6

int rakam = 5;
int rakam2 = 5;
int rakam3 = 10;

bool kontrol = rakam == rakam2 && rakam < rakam3;
Console.WriteLine(kontrol);
Console.ReadLine();

// veya operatörü || altgr + küçüktür işareti
int rakam4 = 3;
int rakam5 = 3;
int rakam6 = 6;

bool KontrOl = rakam4 == rakam5 || rakam5 > rakam6;
Console.WriteLine(KontrOl);
Console.ReadLine();

//  değil operatörü: !
// kısaca var olan şeyi tersine çevirir
bool a = true;
Console.WriteLine(!a);
Console.ReadLine();

// Ek operatörler +=, -=, /=; *=
int b = 5;
b = b + 4;
Console.WriteLine("b'nin degeri:"+ b);
Console.ReadLine ();


// char tek bir karakteri tutmak için kullanılır
// tek tırnak içerisinde tek tırnak
char karakter = 'a';
Console.WriteLine(karakter);
Console.ReadLine();

// string metinleri tutmak için kullanılır
string isim = "seda";
Console.WriteLine(isim);
Console.ReadLine();

// bool iki ihtimal olduğunda kullanılır
bool kontrol = true;
bool kontrol2 = false;
bool sonuc = 10 > 5; // doğru olduğu için true değerine atayacak
Console.WriteLine(sonuc);
Console.ReadLine();
bool sonuc2 = 4 > 8;
Console.WriteLine(sonuc2); // yanlış olduğu için false değerine atanacak
Console.ReadLine();

// object bütün değerleri tutar
object a = "seda";
object b = 2;
Console.WriteLine(a);
Console.WriteLine(b);
Console.ReadLine();

